PODS:
  - Ji (2.0.1):
    - Ji/Ji (= 2.0.1)
  - Ji/Ji (2.0.1):
    - Ji/Ji-libxml
  - Ji/Ji-libxml (2.0.1)
  - Realm (2.6.2):
    - Realm/Headers (= 2.6.2)
  - Realm/Headers (2.6.2)
  - RealmSwift (2.6.2):
    - Realm (= 2.6.2)
  - SDWebImage (4.0.0):
    - SDWebImage/Core (= 4.0.0)
  - SDWebImage/Core (4.0.0)

DEPENDENCIES:
  - Ji
  - RealmSwift
  - SDWebImage

SPEC CHECKSUMS:
  Ji: 6bb602a28dd08b804158f64990e6051ed5de0110
  Realm: 29222766425b9f831228f81b63f0e38a97a4d700
  RealmSwift: d161a80f96cb91ae88391a7d5a9cf08024a7bc8e
  SDWebImage: 76a6348bdc74eb5a55dd08a091ef298e56b55e41

PODFILE CHECKSUM: 51e74d58f94707b7e3355e33bd2628f8db9e6c66

COCOAPODS: 1.2.1
